Microsoft Visual Studio Solution File, Format Version 11.00
# Visual Studio 2008

Project("{9CECE3A5-D6D3-4731-3FBD-5B8F0F892120}") = "super-flappy-cthulhu", "Assembly-CSharp-firstpass.csproj", "{41046401-F539-9322-EB2F-0B5107BBBE5F}"
EndProject
Project("{9CECE3A5-D6D3-4731-3FBD-5B8F0F892120}") = "super-flappy-cthulhu", "Assembly-CSharp.csproj", "{7F1959FA-6FE4-75CA-3BAB-E588C832046E}"
EndProject
Project("{9CECE3A5-D6D3-4731-3FBD-5B8F0F892120}") = "super-flappy-cthulhu", "Assembly-CSharp-Editor.csproj", "{D9A50281-9AF9-5A5B-F46B-D9ED4BA369FB}"
EndProject
Project("{9CECE3A5-D6D3-4731-3FBD-5B8F0F892120}") = "super-flappy-cthulhu", "Assembly-UnityScript.unityproj", "{ADEDAA9B-3821-E768-099F-33A6A14FCD68}"
EndProject
Global
	GlobalSection(SolutionConfigurationPlatforms) = preSolution
		Debug|Any CPU = Debug|Any CPU
		Release|Any CPU = Release|Any CPU
	EndGlobalSection
	GlobalSection(ProjectConfigurationPlatforms) = postSolution
		{41046401-F539-9322-EB2F-0B5107BBBE5F}.Debug|Any CPU.ActiveCfg = Debug|Any CPU
		{41046401-F539-9322-EB2F-0B5107BBBE5F}.Debug|Any CPU.Build.0 = Debug|Any CPU
		{41046401-F539-9322-EB2F-0B5107BBBE5F}.Release|Any CPU.ActiveCfg = Release|Any CPU
		{41046401-F539-9322-EB2F-0B5107BBBE5F}.Release|Any CPU.Build.0 = Release|Any CPU
		{7F1959FA-6FE4-75CA-3BAB-E588C832046E}.Debug|Any CPU.ActiveCfg = Debug|Any CPU
		{7F1959FA-6FE4-75CA-3BAB-E588C832046E}.Debug|Any CPU.Build.0 = Debug|Any CPU
		{7F1959FA-6FE4-75CA-3BAB-E588C832046E}.Release|Any CPU.ActiveCfg = Release|Any CPU
		{7F1959FA-6FE4-75CA-3BAB-E588C832046E}.Release|Any CPU.Build.0 = Release|Any CPU
		{D9A50281-9AF9-5A5B-F46B-D9ED4BA369FB}.Debug|Any CPU.ActiveCfg = Debug|Any CPU
		{D9A50281-9AF9-5A5B-F46B-D9ED4BA369FB}.Debug|Any CPU.Build.0 = Debug|Any CPU
		{D9A50281-9AF9-5A5B-F46B-D9ED4BA369FB}.Release|Any CPU.ActiveCfg = Release|Any CPU
		{D9A50281-9AF9-5A5B-F46B-D9ED4BA369FB}.Release|Any CPU.Build.0 = Release|Any CPU
		{ADEDAA9B-3821-E768-099F-33A6A14FCD68}.Debug|Any CPU.ActiveCfg = Debug|Any CPU
		{ADEDAA9B-3821-E768-099F-33A6A14FCD68}.Debug|Any CPU.Build.0 = Debug|Any CPU
		{ADEDAA9B-3821-E768-099F-33A6A14FCD68}.Release|Any CPU.ActiveCfg = Release|Any CPU
		{ADEDAA9B-3821-E768-099F-33A6A14FCD68}.Release|Any CPU.Build.0 = Release|Any CPU
	EndGlobalSection
	GlobalSection(SolutionProperties) = preSolution
		HideSolutionNode = FALSE
	EndGlobalSection
	GlobalSection(MonoDevelopProperties) = preSolution
		StartupItem = Assembly-CSharp.csproj
		Policies = $0
		$0.TextStylePolicy = $1
		$1.inheritsSet = null
		$1.scope = text/x-csharp
		$0.CSharpFormattingPolicy = $2
		$2.inheritsSet = Mono
		$2.inheritsScope = text/x-csharp
		$2.scope = text/x-csharp
		$0.TextStylePolicy = $3
		$3.FileWidth = 120
		$3.TabWidth = 4
		$3.IndentWidth = 4
		$3.EolMarker = Unix
		$3.inheritsSet = Mono
		$3.inheritsScope = text/plain
		$3.scope = text/plain
	EndGlobalSection
EndGlobal
